
Microsoft Visual Studio Solution File, Format Version 12.00
# Visual Studio Version 16
VisualStudioVersion = 16.0.30503.244
MinimumVisualStudioVersion = 10.0.40219.1
Project("{FAE04EC0-301F-11D3-BF4B-00C04F79EFBC}") = "GraniteHouse", "GraniteHouse.csproj", "{44B8D414-A963-4950-9031-46D776A20DC2}"
EndProject
Global
	GlobalSection(SolutionConfigurationPlatforms) = preSolution
		Debug|Any CPU = Debug|Any CPU
		Release|Any CPU = Release|Any CPU
	EndGlobalSection
	GlobalSection(ProjectConfigurationPlatforms) = postSolution
		{44B8D414-A963-4950-9031-46D776A20DC2}.Debug|Any CPU.ActiveCfg = Debug|Any CPU
		{44B8D414-A963-4950-9031-46D776A20DC2}.Debug|Any CPU.Build.0 = Debug|Any CPU
		{44B8D414-A963-4950-9031-46D776A20DC2}.Release|Any CPU.ActiveCfg = Release|Any CPU
		{44B8D414-A963-4950-9031-46D776A20DC2}.Release|Any CPU.Build.0 = Release|Any CPU
	EndGlobalSection
	GlobalSection(SolutionProperties) = preSolution
		HideSolutionNode = FALSE
	EndGlobalSection
	GlobalSection(ExtensibilityGlobals) = postSolution
		SolutionGuid = {FFF703EB-4854-4D35-B9CE-057DC3C89D9A}
	EndGlobalSection
EndGlobal
